%{
  "cowboy": {:git, "https://github.com/ninenines/cowboy.git", "a0f8d9b8b849d668109852006c76e07ece280e7d", []},
  "cowlib": {:hex, :cowlib, "2.6.0", "8aa629f81a0fc189f261dc98a42243fa842625feea3c7ec56c48f4ccdb55490f", [:rebar3], [], "hexpm"},
  "grpc": {:git, "https://github.com/tony612/grpc-elixir.git", "c0eaa61d789f5c5b9e3c2f4c213944bebaf2c72c", []},
  "gun": {:hex, :gun, "1.1.0", "66be4ebb3a8018b2ca0216eb0c5fe89820f3ce3610e9ec0652f525690956f69f", [:rebar3], [{:cowlib, "~> 2.5.1", [hex: :cowlib, repo: "hexpm", optional: false]}], "hexpm"},
  "protobuf": {:hex, :protobuf, "0.5.4", "2e1b8eec211aff034ad8a14e3674220b0158bfb9a3c7128ac9d2a1ed1b3724d3", [:mix], [], "hexpm"},
  "ranch": {:git, "https://github.com/ninenines/ranch", "cbe24f6fb9833474b22a06fc22cb1a8f168f7fbc", [ref: "1.6.1"]},
}
